<?xml version="1.0" encoding="utf-8"?>
<Project ToolsVersion="4.0" xmlns="http://schemas.microsoft.com/developer/msbuild/2003">
  <ItemGroup>
    <Filter Include="common">
      <UniqueIdentifier>{af21d1ac-fa55-4fd1-bd8d-32ab0f8169b4}</UniqueIdentifier>
    </Filter>
    <Filter Include="devices">
      <UniqueIdentifier>{906d5bd3-2d36-47bb-9637-b37b57bb1d56}</UniqueIdentifier>
    </Filter>
    <Filter Include="interface">
      <UniqueIdentifier>{204ef686-913f-4d38-9c4f-39c20609f4af}</UniqueIdentifier>
    </Filter>
    <Filter Include="zlib">
      <UniqueIdentifier>{88af2a5b-9bbb-41b3-b902-9c2ba1255e48}</UniqueIdentifier>
    </Filter>
    <Filter Include="pc88">
      <UniqueIdentifier>{a7a095b8-c04b-4dab-9802-25ab0b3e47fd}</UniqueIdentifier>
    </Filter>
    <Filter Include="win32">
      <UniqueIdentifier>{48e8315b-2616-4902-b75b-b6c25378f42f}</UniqueIdentifier>
    </Filter>
    <Filter Include="win32\romeo">
      <UniqueIdentifier>{af4471a6-ac93-47a0-8095-69b0f024543e}</UniqueIdentifier>
    </Filter>
    <Filter Include="win32\monitors">
      <UniqueIdentifier>{d1df66ea-c598-450e-a9ea-10f78de72236}</UniqueIdentifier>
    </Filter>
  </ItemGroup>
  <ItemGroup>
    <ClCompile Include="src\common\device.cpp">
      <Filter>common</Filter>
    </ClCompile>
    <ClCompile Include="src\common\diag.cpp">
      <Filter>common</Filter>
    </ClCompile>
    <ClCompile Include="src\common\error.cpp">
      <Filter>common</Filter>
    </ClCompile>
    <ClCompile Include="src\common\lpf.cpp">
      <Filter>common</Filter>
    </ClCompile>
    <ClCompile Include="src\common\memory_manager.cpp">
      <Filter>common</Filter>
    </ClCompile>
    <ClCompile Include="src\common\scheduler.cpp">
      <Filter>common</Filter>
    </ClCompile>
    <ClCompile Include="src\common\sequencer.cpp">
      <Filter>common</Filter>
    </ClCompile>
    <ClCompile Include="src\common\sound_buffer2.cpp">
      <Filter>common</Filter>
    </ClCompile>
    <ClCompile Include="src\common\sampling_rate_converter.cpp">
      <Filter>common</Filter>
    </ClCompile>
    <ClCompile Include="src\common\time_keeper.cpp">
      <Filter>common</Filter>
    </ClCompile>
    <ClCompile Include="src\devices\fmgen.cpp">
      <Filter>devices</Filter>
    </ClCompile>
    <ClCompile Include="src\devices\fmtimer.cpp">
      <Filter>devices</Filter>
    </ClCompile>
    <ClCompile Include="src\devices\opm.cpp">
      <Filter>devices</Filter>
    </ClCompile>
    <ClCompile Include="src\devices\opna.cpp">
      <Filter>devices</Filter>
    </ClCompile>
    <ClCompile Include="src\devices\psg.cpp">
      <Filter>devices</Filter>
    </ClCompile>
    <ClCompile Include="src\devices\z80c.cpp">
      <Filter>devices</Filter>
    </ClCompile>
    <ClCompile Include="src\devices\z80diag.cpp">
      <Filter>devices</Filter>
    </ClCompile>
    <ClCompile Include="src\pc88\base.cpp">
      <Filter>pc88</Filter>
    </ClCompile>
    <ClCompile Include="src\pc88\beep.cpp">
      <Filter>pc88</Filter>
    </ClCompile>
    <ClCompile Include="src\pc88\calendar.cpp">
      <Filter>pc88</Filter>
    </ClCompile>
    <ClCompile Include="src\pc88\crtc.cpp">
      <Filter>pc88</Filter>
    </ClCompile>
    <ClCompile Include="src\pc88\disk_manager.cpp">
      <Filter>pc88</Filter>
    </ClCompile>
    <ClCompile Include="src\pc88\fdc.cpp">
      <Filter>pc88</Filter>
    </ClCompile>
    <ClCompile Include="src\pc88\fdu.cpp">
      <Filter>pc88</Filter>
    </ClCompile>
    <ClCompile Include="src\pc88\floppy.cpp">
      <Filter>pc88</Filter>
    </ClCompile>
    <ClCompile Include="src\pc88\interrupt_controller.cpp">
      <Filter>pc88</Filter>
    </ClCompile>
    <ClCompile Include="src\pc88\ioview.cpp">
      <Filter>pc88</Filter>
    </ClCompile>
    <ClCompile Include="src\pc88\joypad.cpp">
      <Filter>pc88</Filter>
    </ClCompile>
    <ClCompile Include="src\pc88\kanjirom.cpp">
      <Filter>pc88</Filter>
    </ClCompile>
    <ClCompile Include="src\pc88\memory.cpp">
      <Filter>pc88</Filter>
    </ClCompile>
    <ClCompile Include="src\pc88\memview.cpp">
      <Filter>pc88</Filter>
    </ClCompile>
    <ClCompile Include="src\pc88\mouse.cpp">
      <Filter>pc88</Filter>
    </ClCompile>
    <ClCompile Include="src\pc88\opn_interface.cpp">
      <Filter>pc88</Filter>
    </ClCompile>
    <ClCompile Include="src\pc88\pc88.cpp">
      <Filter>pc88</Filter>
    </ClCompile>
    <ClCompile Include="src\pc88\pd8257.cpp">
      <Filter>pc88</Filter>
    </ClCompile>
    <ClCompile Include="src\pc88\pio.cpp">
      <Filter>pc88</Filter>
    </ClCompile>
    <ClCompile Include="src\pc88\screen.cpp">
      <Filter>pc88</Filter>
    </ClCompile>
    <ClCompile Include="src\pc88\sio.cpp">
      <Filter>pc88</Filter>
    </ClCompile>
    <ClCompile Include="src\pc88\sound.cpp">
      <Filter>pc88</Filter>
    </ClCompile>
    <ClCompile Include="src\pc88\subsys.cpp">
      <Filter>pc88</Filter>
    </ClCompile>
    <ClCompile Include="src\pc88\tape_manager.cpp">
      <Filter>pc88</Filter>
    </ClCompile>
    <ClCompile Include="src\win32\romeo\piccolo.cpp">
      <Filter>win32\romeo</Filter>
    </ClCompile>
    <ClCompile Include="src\win32\88config.cpp">
      <Filter>win32</Filter>
    </ClCompile>
    <ClCompile Include="src\win32\about.cpp">
      <Filter>win32</Filter>
    </ClCompile>
    <ClCompile Include="src\win32\cfgpage.cpp">
      <Filter>win32</Filter>
    </ClCompile>
    <ClCompile Include="src\win32\dderr.cpp">
      <Filter>win32</Filter>
    </ClCompile>
    <ClCompile Include="src\win32\extdev.cpp">
      <Filter>win32</Filter>
    </ClCompile>
    <ClCompile Include="src\win32\file.cpp">
      <Filter>win32</Filter>
    </ClCompile>
    <ClCompile Include="src\win32\filetest.cpp">
      <Filter>win32</Filter>
    </ClCompile>
    <ClCompile Include="src\win32\guid.cpp">
      <Filter>win32</Filter>
    </ClCompile>
    <ClCompile Include="src\win32\main.cpp">
      <Filter>win32</Filter>
    </ClCompile>
    <ClCompile Include="src\win32\module.cpp">
      <Filter>win32</Filter>
    </ClCompile>
    <ClCompile Include="src\win32\newdisk.cpp">
      <Filter>win32</Filter>
    </ClCompile>
    <ClCompile Include="src\win32\soundds.cpp">
      <Filter>win32</Filter>
    </ClCompile>
    <ClCompile Include="src\win32\soundds2.cpp">
      <Filter>win32</Filter>
    </ClCompile>
    <ClCompile Include="src\win32\soundwo.cpp">
      <Filter>win32</Filter>
    </ClCompile>
    <ClCompile Include="src\win32\status.cpp">
      <Filter>win32</Filter>
    </ClCompile>
    <ClCompile Include="src\win32\ui.cpp">
      <Filter>win32</Filter>
    </ClCompile>
    <ClCompile Include="src\win32\wincfg.cpp">
      <Filter>win32</Filter>
    </ClCompile>
    <ClCompile Include="src\win32\wincore.cpp">
      <Filter>win32</Filter>
    </ClCompile>
    <ClCompile Include="src\win32\windraw.cpp">
      <Filter>win32</Filter>
    </ClCompile>
    <ClCompile Include="src\win32\winexapi.cpp">
      <Filter>win32</Filter>
    </ClCompile>
    <ClCompile Include="src\win32\winjoy.cpp">
      <Filter>win32</Filter>
    </ClCompile>
    <ClCompile Include="src\win32\winkeyif.cpp">
      <Filter>win32</Filter>
    </ClCompile>
    <ClCompile Include="src\win32\winmouse.cpp">
      <Filter>win32</Filter>
    </ClCompile>
    <ClCompile Include="src\win32\winsound.cpp">
      <Filter>win32</Filter>
    </ClCompile>
    <ClCompile Include="src\zlib\adler32.c">
      <Filter>zlib</Filter>
    </ClCompile>
    <ClCompile Include="src\zlib\compress.c">
      <Filter>zlib</Filter>
    </ClCompile>
    <ClCompile Include="src\zlib\crc32.c">
      <Filter>zlib</Filter>
    </ClCompile>
    <ClCompile Include="src\zlib\deflate.c">
      <Filter>zlib</Filter>
    </ClCompile>
    <ClCompile Include="src\zlib\inffast.c">
      <Filter>zlib</Filter>
    </ClCompile>
    <ClCompile Include="src\zlib\inflate.c">
      <Filter>zlib</Filter>
    </ClCompile>
    <ClCompile Include="src\zlib\inftrees.c">
      <Filter>zlib</Filter>
    </ClCompile>
    <ClCompile Include="src\zlib\trees.c">
      <Filter>zlib</Filter>
    </ClCompile>
    <ClCompile Include="src\zlib\uncompr.c">
      <Filter>zlib</Filter>
    </ClCompile>
    <ClCompile Include="src\zlib\zutil.c">
      <Filter>zlib</Filter>
    </ClCompile>
    <ClCompile Include="src\win32\monitors\basmon.cpp">
      <Filter>win32\monitors</Filter>
    </ClCompile>
    <ClCompile Include="src\win32\monitors\codemon.cpp">
      <Filter>win32\monitors</Filter>
    </ClCompile>
    <ClCompile Include="src\win32\monitors\iomon.cpp">
      <Filter>win32\monitors</Filter>
    </ClCompile>
    <ClCompile Include="src\win32\monitors\loadmon.cpp">
      <Filter>win32\monitors</Filter>
    </ClCompile>
    <ClCompile Include="src\win32\monitors\memmon.cpp">
      <Filter>win32\monitors</Filter>
    </ClCompile>
    <ClCompile Include="src\win32\monitors\mvmon.cpp">
      <Filter>win32\monitors</Filter>
    </ClCompile>
    <ClCompile Include="src\win32\monitors\regmon.cpp">
      <Filter>win32\monitors</Filter>
    </ClCompile>
    <ClCompile Include="src\win32\monitors\soundmon.cpp">
      <Filter>win32\monitors</Filter>
    </ClCompile>
    <ClCompile Include="src\win32\monitors\winmon.cpp">
      <Filter>win32\monitors</Filter>
    </ClCompile>
    <ClCompile Include="src\win32\draw_dds.cpp">
      <Filter>win32</Filter>
    </ClCompile>
    <ClCompile Include="src\win32\draw_ddw.cpp">
      <Filter>win32</Filter>
    </ClCompile>
    <ClCompile Include="src\win32\draw_gdi.cpp">
      <Filter>win32</Filter>
    </ClCompile>
  </ItemGroup>
  <ItemGroup>
    <ClInclude Include="src\common\critical_section.h">
      <Filter>common</Filter>
    </ClInclude>
    <ClInclude Include="src\common\device.h">
      <Filter>common</Filter>
    </ClInclude>
    <ClInclude Include="src\common\diag.h">
      <Filter>common</Filter>
    </ClInclude>
    <ClInclude Include="src\common\draw.h">
      <Filter>common</Filter>
    </ClInclude>
    <ClInclude Include="src\common\error.h">
      <Filter>common</Filter>
    </ClInclude>
    <ClInclude Include="src\common\file.h">
      <Filter>common</Filter>
    </ClInclude>
    <ClInclude Include="src\common\guid.h">
      <Filter>common</Filter>
    </ClInclude>
    <ClInclude Include="src\common\lpf.h">
      <Filter>common</Filter>
    </ClInclude>
    <ClInclude Include="src\common\memory_manager.h">
      <Filter>common</Filter>
    </ClInclude>
    <ClInclude Include="src\common\scheduler.h">
      <Filter>common</Filter>
    </ClInclude>
    <ClInclude Include="src\common\sequencer.h">
      <Filter>common</Filter>
    </ClInclude>
    <ClInclude Include="src\common\sound_buffer2.h">
      <Filter>common</Filter>
    </ClInclude>
    <ClInclude Include="src\common\sound_source.h">
      <Filter>common</Filter>
    </ClInclude>
    <ClInclude Include="src\common\sampling_rate_converter.h">
      <Filter>common</Filter>
    </ClInclude>
    <ClInclude Include="src\common\time_keeper.h">
      <Filter>common</Filter>
    </ClInclude>
    <ClInclude Include="src\common\types.h">
      <Filter>common</Filter>
    </ClInclude>
    <ClInclude Include="src\common\version.h">
      <Filter>common</Filter>
    </ClInclude>
    <ClInclude Include="src\devices\fmgen.h">
      <Filter>devices</Filter>
    </ClInclude>
    <ClInclude Include="src\devices\fmtimer.h">
      <Filter>devices</Filter>
    </ClInclude>
    <ClInclude Include="src\devices\opm.h">
      <Filter>devices</Filter>
    </ClInclude>
    <ClInclude Include="src\devices\opna.h">
      <Filter>devices</Filter>
    </ClInclude>
    <ClInclude Include="src\devices\psg.h">
      <Filter>devices</Filter>
    </ClInclude>
    <ClInclude Include="src\devices\z80.h">
      <Filter>devices</Filter>
    </ClInclude>
    <ClInclude Include="src\devices\z80c.h">
      <Filter>devices</Filter>
    </ClInclude>
    <ClInclude Include="src\devices\z80diag.h">
      <Filter>devices</Filter>
    </ClInclude>
    <ClInclude Include="src\pc88\base.h">
      <Filter>pc88</Filter>
    </ClInclude>
    <ClInclude Include="src\pc88\beep.h">
      <Filter>pc88</Filter>
    </ClInclude>
    <ClInclude Include="src\pc88\calendar.h">
      <Filter>pc88</Filter>
    </ClInclude>
    <ClInclude Include="src\pc88\config.h">
      <Filter>pc88</Filter>
    </ClInclude>
    <ClInclude Include="src\pc88\crtc.h">
      <Filter>pc88</Filter>
    </ClInclude>
    <ClInclude Include="src\pc88\disk_manager.h">
      <Filter>pc88</Filter>
    </ClInclude>
    <ClInclude Include="src\pc88\fdc.h">
      <Filter>pc88</Filter>
    </ClInclude>
    <ClInclude Include="src\pc88\fdu.h">
      <Filter>pc88</Filter>
    </ClInclude>
    <ClInclude Include="src\pc88\floppy.h">
      <Filter>pc88</Filter>
    </ClInclude>
    <ClInclude Include="src\pc88\interrupt_controller.h">
      <Filter>pc88</Filter>
    </ClInclude>
    <ClInclude Include="src\pc88\ioview.h">
      <Filter>pc88</Filter>
    </ClInclude>
    <ClInclude Include="src\pc88\joypad.h">
      <Filter>pc88</Filter>
    </ClInclude>
    <ClInclude Include="src\pc88\kanjirom.h">
      <Filter>pc88</Filter>
    </ClInclude>
    <ClInclude Include="src\pc88\memory.h">
      <Filter>pc88</Filter>
    </ClInclude>
    <ClInclude Include="src\pc88\memview.h">
      <Filter>pc88</Filter>
    </ClInclude>
    <ClInclude Include="src\pc88\mouse.h">
      <Filter>pc88</Filter>
    </ClInclude>
    <ClInclude Include="src\pc88\opn_interface.h">
      <Filter>pc88</Filter>
    </ClInclude>
    <ClInclude Include="src\pc88\pc88.h">
      <Filter>pc88</Filter>
    </ClInclude>
    <ClInclude Include="src\pc88\pcinfo.h">
      <Filter>pc88</Filter>
    </ClInclude>
    <ClInclude Include="src\pc88\pd8257.h">
      <Filter>pc88</Filter>
    </ClInclude>
    <ClInclude Include="src\pc88\pio.h">
      <Filter>pc88</Filter>
    </ClInclude>
    <ClInclude Include="src\pc88\screen.h">
      <Filter>pc88</Filter>
    </ClInclude>
    <ClInclude Include="src\pc88\sio.h">
      <Filter>pc88</Filter>
    </ClInclude>
    <ClInclude Include="src\pc88\sound.h">
      <Filter>pc88</Filter>
    </ClInclude>
    <ClInclude Include="src\pc88\subsys.h">
      <Filter>pc88</Filter>
    </ClInclude>
    <ClInclude Include="src\pc88\tape_manager.h">
      <Filter>pc88</Filter>
    </ClInclude>
    <ClInclude Include="src\win32\romeo\juliet.h">
      <Filter>win32\romeo</Filter>
    </ClInclude>
    <ClInclude Include="src\win32\romeo\piccolo.h">
      <Filter>win32\romeo</Filter>
    </ClInclude>
    <ClInclude Include="src\win32\romeo\romeo.h">
      <Filter>win32\romeo</Filter>
    </ClInclude>
    <ClInclude Include="src\win32\88config.h">
      <Filter>win32</Filter>
    </ClInclude>
    <ClInclude Include="src\win32\about.h">
      <Filter>win32</Filter>
    </ClInclude>
    <ClInclude Include="src\win32\cfgpage.h">
      <Filter>win32</Filter>
    </ClInclude>
    <ClInclude Include="src\win32\dderr.h">
      <Filter>win32</Filter>
    </ClInclude>
    <ClInclude Include="src\win32\extdev.h">
      <Filter>win32</Filter>
    </ClInclude>
    <ClInclude Include="src\win32\filetest.h">
      <Filter>win32</Filter>
    </ClInclude>
    <ClInclude Include="src\win32\messages.h">
      <Filter>win32</Filter>
    </ClInclude>
    <ClInclude Include="src\win32\module.h">
      <Filter>win32</Filter>
    </ClInclude>
    <ClInclude Include="src\win32\newdisk.h">
      <Filter>win32</Filter>
    </ClInclude>
    <ClInclude Include="src\win32\resource.h">
      <Filter>win32</Filter>
    </ClInclude>
    <ClInclude Include="src\win32\sounddrv.h">
      <Filter>win32</Filter>
    </ClInclude>
    <ClInclude Include="src\win32\soundds.h">
      <Filter>win32</Filter>
    </ClInclude>
    <ClInclude Include="src\win32\soundds2.h">
      <Filter>win32</Filter>
    </ClInclude>
    <ClInclude Include="src\win32\soundwo.h">
      <Filter>win32</Filter>
    </ClInclude>
    <ClInclude Include="src\win32\status.h">
      <Filter>win32</Filter>
    </ClInclude>
    <ClInclude Include="src\win32\ui.h">
      <Filter>win32</Filter>
    </ClInclude>
    <ClInclude Include="src\win32\wincfg.h">
      <Filter>win32</Filter>
    </ClInclude>
    <ClInclude Include="src\win32\wincore.h">
      <Filter>win32</Filter>
    </ClInclude>
    <ClInclude Include="src\win32\windraw.h">
      <Filter>win32</Filter>
    </ClInclude>
    <ClInclude Include="src\win32\winexapi.h">
      <Filter>win32</Filter>
    </ClInclude>
    <ClInclude Include="src\win32\winjoy.h">
      <Filter>win32</Filter>
    </ClInclude>
    <ClInclude Include="src\win32\winkeyif.h">
      <Filter>win32</Filter>
    </ClInclude>
    <ClInclude Include="src\win32\winmouse.h">
      <Filter>win32</Filter>
    </ClInclude>
    <ClInclude Include="src\win32\winsound.h">
      <Filter>win32</Filter>
    </ClInclude>
    <ClInclude Include="src\interface\if_win.h">
      <Filter>interface</Filter>
    </ClInclude>
    <ClInclude Include="src\interface\ifcommon.h">
      <Filter>interface</Filter>
    </ClInclude>
    <ClInclude Include="src\interface\ifguid.h">
      <Filter>interface</Filter>
    </ClInclude>
    <ClInclude Include="src\interface\ifpc88.h">
      <Filter>interface</Filter>
    </ClInclude>
    <ClInclude Include="src\interface\ifui.h">
      <Filter>interface</Filter>
    </ClInclude>
    <ClInclude Include="src\zlib\deflate.h">
      <Filter>zlib</Filter>
    </ClInclude>
    <ClInclude Include="src\zlib\inffast.h">
      <Filter>zlib</Filter>
    </ClInclude>
    <ClInclude Include="src\zlib\inffixed.h">
      <Filter>zlib</Filter>
    </ClInclude>
    <ClInclude Include="src\zlib\inftrees.h">
      <Filter>zlib</Filter>
    </ClInclude>
    <ClInclude Include="src\zlib\trees.h">
      <Filter>zlib</Filter>
    </ClInclude>
    <ClInclude Include="src\zlib\zconf.h">
      <Filter>zlib</Filter>
    </ClInclude>
    <ClInclude Include="src\zlib\zlib.h">
      <Filter>zlib</Filter>
    </ClInclude>
    <ClInclude Include="src\zlib\zutil.h">
      <Filter>zlib</Filter>
    </ClInclude>
    <ClInclude Include="src\win32\monitors\basmon.h">
      <Filter>win32\monitors</Filter>
    </ClInclude>
    <ClInclude Include="src\win32\monitors\codemon.h">
      <Filter>win32\monitors</Filter>
    </ClInclude>
    <ClInclude Include="src\win32\monitors\iomon.h">
      <Filter>win32\monitors</Filter>
    </ClInclude>
    <ClInclude Include="src\win32\monitors\loadmon.h">
      <Filter>win32\monitors</Filter>
    </ClInclude>
    <ClInclude Include="src\win32\monitors\memmon.h">
      <Filter>win32\monitors</Filter>
    </ClInclude>
    <ClInclude Include="src\win32\monitors\mvmon.h">
      <Filter>win32\monitors</Filter>
    </ClInclude>
    <ClInclude Include="src\win32\monitors\regmon.h">
      <Filter>win32\monitors</Filter>
    </ClInclude>
    <ClInclude Include="src\win32\monitors\soundmon.h">
      <Filter>win32\monitors</Filter>
    </ClInclude>
    <ClInclude Include="src\win32\monitors\winmon.h">
      <Filter>win32\monitors</Filter>
    </ClInclude>
    <ClInclude Include="src\win32\draw_dds.h">
      <Filter>win32</Filter>
    </ClInclude>
    <ClInclude Include="src\win32\draw_ddw.h">
      <Filter>win32</Filter>
    </ClInclude>
    <ClInclude Include="src\win32\draw_gdi.h">
      <Filter>win32</Filter>
    </ClInclude>
    <ClInclude Include="src\common\bcd.h">
      <Filter>common</Filter>
    </ClInclude>
    <ClInclude Include="src\common\clamp.h">
      <Filter>common</Filter>
    </ClInclude>
    <ClInclude Include="src\common\toast.h">
      <Filter>common</Filter>
    </ClInclude>
  </ItemGroup>
  <ItemGroup>
    <ResourceCompile Include="src\win32\M88.rc">
      <Filter>win32</Filter>
    </ResourceCompile>
  </ItemGroup>
  <ItemGroup>
    <Image Include="src\win32\M88.ico" />
  </ItemGroup>
  <ItemGroup>
    <Text Include="memo.txt" />
  </ItemGroup>
  <ItemGroup>
    <CustomBuild Include="m88dev.html" />
  </ItemGroup>
</Project>